
Microsoft Visual Studio Solution File, Format Version 12.00
# Visual Studio Version 16
VisualStudioVersion = 16.0.30128.74
MinimumVisualStudioVersion = 10.0.40219.1
Project("{FAE04EC0-301F-11D3-BF4B-00C04F79EFBC}") = "BarCodeLabel", "BarCodeLabel.csproj", "{D96990CC-A288-4FF5-B136-0D7EDAEA62BF}"
EndProject
Global
	GlobalSection(SolutionConfigurationPlatforms) = preSolution
		Debug|Any CPU = Debug|Any CPU
		Release|Any CPU = Release|Any CPU
	EndGlobalSection
	GlobalSection(ProjectConfigurationPlatforms) = postSolution
		{D96990CC-A288-4FF5-B136-0D7EDAEA62BF}.Debug|Any CPU.ActiveCfg = Debug|Any CPU
		{D96990CC-A288-4FF5-B136-0D7EDAEA62BF}.Debug|Any CPU.Build.0 = Debug|Any CPU
		{D96990CC-A288-4FF5-B136-0D7EDAEA62BF}.Release|Any CPU.ActiveCfg = Release|Any CPU
		{D96990CC-A288-4FF5-B136-0D7EDAEA62BF}.Release|Any CPU.Build.0 = Release|Any CPU
	EndGlobalSection
	GlobalSection(SolutionProperties) = preSolution
		HideSolutionNode = FALSE
	EndGlobalSection
	GlobalSection(ExtensibilityGlobals) = postSolution
		SolutionGuid = {C05B4966-0226-4251-A747-B26CBC3E5F83}
	EndGlobalSection
EndGlobal
